
Microsoft Visual Studio Solution File, Format Version 12.00
# Visual Studio Version 17
VisualStudioVersion = 17.0.31903.59
MinimumVisualStudioVersion = 10.0.40219.1
Project("{2150E333-8FDC-42A3-9474-1A3956D46DE8}") = "src", "src", "{827E0CD3-B72D-47B6-A68D-7590B98EB39B}"
EndProject
Project("{FAE04EC0-301F-11D3-BF4B-00C04F79EFBC}") = "SmeErp.Domain", "src\SmeErp.Domain\SmeErp.Domain.csproj", "{A0AEA7AD-7364-48A1-B76F-34A914B14DE8}"
EndProject
Project("{FAE04EC0-301F-11D3-BF4B-00C04F79EFBC}") = "SmeErp.Application", "src\SmeErp.Application\SmeErp.Application.csproj", "{4081253E-7AB1-44EA-875B-B5C00739883E}"
EndProject
Project("{FAE04EC0-301F-11D3-BF4B-00C04F79EFBC}") = "SmeErp.Infrastructure", "src\SmeErp.Infrastructure\SmeErp.Infrastructure.csproj", "{30C4D00B-D695-440B-821F-F6B0DDAC9E0C}"
EndProject
Project("{FAE04EC0-301F-11D3-BF4B-00C04F79EFBC}") = "SmeErp.Shared", "src\SmeErp.Shared\SmeErp.Shared.csproj", "{D691F088-3A81-402D-A96E-E16266C54769}"
EndProject
Project("{FAE04EC0-301F-11D3-BF4B-00C04F79EFBC}") = "SmeErp.Web", "src\SmeErp.Web\SmeErp.Web.csproj", "{EE874D83-5362-4648-BD41-1E070D940CDC}"
EndProject
Project("{2150E333-8FDC-42A3-9474-1A3956D46DE8}") = "tests", "tests", "{0AB3BF05-4346-4AA6-1389-037BE0695223}"
EndProject
Project("{FAE04EC0-301F-11D3-BF4B-00C04F79EFBC}") = "SmeErp.Application.Tests", "tests\SmeErp.Application.Tests\SmeErp.Application.Tests.csproj", "{B0F30A6C-242A-43E7-B005-3A51EEF6364C}"
EndProject
Global
	GlobalSection(SolutionConfigurationPlatforms) = preSolution
		Debug|Any CPU = Debug|Any CPU
		Debug|x64 = Debug|x64
		Debug|x86 = Debug|x86
		Release|Any CPU = Release|Any CPU
		Release|x64 = Release|x64
		Release|x86 = Release|x86
	EndGlobalSection
	GlobalSection(ProjectConfigurationPlatforms) = postSolution
		{A0AEA7AD-7364-48A1-B76F-34A914B14DE8}.Debug|Any CPU.ActiveCfg = Debug|Any CPU
		{A0AEA7AD-7364-48A1-B76F-34A914B14DE8}.Debug|Any CPU.Build.0 = Debug|Any CPU
		{A0AEA7AD-7364-48A1-B76F-34A914B14DE8}.Debug|x64.ActiveCfg = Debug|Any CPU
		{A0AEA7AD-7364-48A1-B76F-34A914B14DE8}.Debug|x64.Build.0 = Debug|Any CPU
		{A0AEA7AD-7364-48A1-B76F-34A914B14DE8}.Debug|x86.ActiveCfg = Debug|Any CPU
		{A0AEA7AD-7364-48A1-B76F-34A914B14DE8}.Debug|x86.Build.0 = Debug|Any CPU
		{A0AEA7AD-7364-48A1-B76F-34A914B14DE8}.Release|Any CPU.ActiveCfg = Release|Any CPU
		{A0AEA7AD-7364-48A1-B76F-34A914B14DE8}.Release|Any CPU.Build.0 = Release|Any CPU
		{A0AEA7AD-7364-48A1-B76F-34A914B14DE8}.Release|x64.ActiveCfg = Release|Any CPU
		{A0AEA7AD-7364-48A1-B76F-34A914B14DE8}.Release|x64.Build.0 = Release|Any CPU
		{A0AEA7AD-7364-48A1-B76F-34A914B14DE8}.Release|x86.ActiveCfg = Release|Any CPU
		{A0AEA7AD-7364-48A1-B76F-34A914B14DE8}.Release|x86.Build.0 = Release|Any CPU
		{4081253E-7AB1-44EA-875B-B5C00739883E}.Debug|Any CPU.ActiveCfg = Debug|Any CPU
		{4081253E-7AB1-44EA-875B-B5C00739883E}.Debug|Any CPU.Build.0 = Debug|Any CPU
		{4081253E-7AB1-44EA-875B-B5C00739883E}.Debug|x64.ActiveCfg = Debug|Any CPU
		{4081253E-7AB1-44EA-875B-B5C00739883E}.Debug|x64.Build.0 = Debug|Any CPU
		{4081253E-7AB1-44EA-875B-B5C00739883E}.Debug|x86.ActiveCfg = Debug|Any CPU
		{4081253E-7AB1-44EA-875B-B5C00739883E}.Debug|x86.Build.0 = Debug|Any CPU
		{4081253E-7AB1-44EA-875B-B5C00739883E}.Release|Any CPU.ActiveCfg = Release|Any CPU
		{4081253E-7AB1-44EA-875B-B5C00739883E}.Release|Any CPU.Build.0 = Release|Any CPU
		{4081253E-7AB1-44EA-875B-B5C00739883E}.Release|x64.ActiveCfg = Release|Any CPU
		{4081253E-7AB1-44EA-875B-B5C00739883E}.Release|x64.Build.0 = Release|Any CPU
		{4081253E-7AB1-44EA-875B-B5C00739883E}.Release|x86.ActiveCfg = Release|Any CPU
		{4081253E-7AB1-44EA-875B-B5C00739883E}.Release|x86.Build.0 = Release|Any CPU
		{30C4D00B-D695-440B-821F-F6B0DDAC9E0C}.Debug|Any CPU.ActiveCfg = Debug|Any CPU
		{30C4D00B-D695-440B-821F-F6B0DDAC9E0C}.Debug|Any CPU.Build.0 = Debug|Any CPU
		{30C4D00B-D695-440B-821F-F6B0DDAC9E0C}.Debug|x64.ActiveCfg = Debug|Any CPU
		{30C4D00B-D695-440B-821F-F6B0DDAC9E0C}.Debug|x64.Build.0 = Debug|Any CPU
		{30C4D00B-D695-440B-821F-F6B0DDAC9E0C}.Debug|x86.ActiveCfg = Debug|Any CPU
		{30C4D00B-D695-440B-821F-F6B0DDAC9E0C}.Debug|x86.Build.0 = Debug|Any CPU
		{30C4D00B-D695-440B-821F-F6B0DDAC9E0C}.Release|Any CPU.ActiveCfg = Release|Any CPU
		{30C4D00B-D695-440B-821F-F6B0DDAC9E0C}.Release|Any CPU.Build.0 = Release|Any CPU
		{30C4D00B-D695-440B-821F-F6B0DDAC9E0C}.Release|x64.ActiveCfg = Release|Any CPU
		{30C4D00B-D695-440B-821F-F6B0DDAC9E0C}.Release|x64.Build.0 = Release|Any CPU
		{30C4D00B-D695-440B-821F-F6B0DDAC9E0C}.Release|x86.ActiveCfg = Release|Any CPU
		{30C4D00B-D695-440B-821F-F6B0DDAC9E0C}.Release|x86.Build.0 = Release|Any CPU
		{D691F088-3A81-402D-A96E-E16266C54769}.Debug|Any CPU.ActiveCfg = Debug|Any CPU
		{D691F088-3A81-402D-A96E-E16266C54769}.Debug|Any CPU.Build.0 = Debug|Any CPU
		{D691F088-3A81-402D-A96E-E16266C54769}.Debug|x64.ActiveCfg = Debug|Any CPU
		{D691F088-3A81-402D-A96E-E16266C54769}.Debug|x64.Build.0 = Debug|Any CPU
		{D691F088-3A81-402D-A96E-E16266C54769}.Debug|x86.ActiveCfg = Debug|Any CPU
		{D691F088-3A81-402D-A96E-E16266C54769}.Debug|x86.Build.0 = Debug|Any CPU
		{D691F088-3A81-402D-A96E-E16266C54769}.Release|Any CPU.ActiveCfg = Release|Any CPU
		{D691F088-3A81-402D-A96E-E16266C54769}.Release|Any CPU.Build.0 = Release|Any CPU
		{D691F088-3A81-402D-A96E-E16266C54769}.Release|x64.ActiveCfg = Release|Any CPU
		{D691F088-3A81-402D-A96E-E16266C54769}.Release|x64.Build.0 = Release|Any CPU
		{D691F088-3A81-402D-A96E-E16266C54769}.Release|x86.ActiveCfg = Release|Any CPU
		{D691F088-3A81-402D-A96E-E16266C54769}.Release|x86.Build.0 = Release|Any CPU
		{EE874D83-5362-4648-BD41-1E070D940CDC}.Debug|Any CPU.ActiveCfg = Debug|Any CPU
		{EE874D83-5362-4648-BD41-1E070D940CDC}.Debug|Any CPU.Build.0 = Debug|Any CPU
		{EE874D83-5362-4648-BD41-1E070D940CDC}.Debug|x64.ActiveCfg = Debug|Any CPU
		{EE874D83-5362-4648-BD41-1E070D940CDC}.Debug|x64.Build.0 = Debug|Any CPU
		{EE874D83-5362-4648-BD41-1E070D940CDC}.Debug|x86.ActiveCfg = Debug|Any CPU
		{EE874D83-5362-4648-BD41-1E070D940CDC}.Debug|x86.Build.0 = Debug|Any CPU
		{EE874D83-5362-4648-BD41-1E070D940CDC}.Release|Any CPU.ActiveCfg = Release|Any CPU
		{EE874D83-5362-4648-BD41-1E070D940CDC}.Release|Any CPU.Build.0 = Release|Any CPU
		{EE874D83-5362-4648-BD41-1E070D940CDC}.Release|x64.ActiveCfg = Release|Any CPU
		{EE874D83-5362-4648-BD41-1E070D940CDC}.Release|x64.Build.0 = Release|Any CPU
		{EE874D83-5362-4648-BD41-1E070D940CDC}.Release|x86.ActiveCfg = Release|Any CPU
		{EE874D83-5362-4648-BD41-1E070D940CDC}.Release|x86.Build.0 = Release|Any CPU
		{B0F30A6C-242A-43E7-B005-3A51EEF6364C}.Debug|Any CPU.ActiveCfg = Debug|Any CPU
		{B0F30A6C-242A-43E7-B005-3A51EEF6364C}.Debug|Any CPU.Build.0 = Debug|Any CPU
		{B0F30A6C-242A-43E7-B005-3A51EEF6364C}.Debug|x64.ActiveCfg = Debug|Any CPU
		{B0F30A6C-242A-43E7-B005-3A51EEF6364C}.Debug|x64.Build.0 = Debug|Any CPU
		{B0F30A6C-242A-43E7-B005-3A51EEF6364C}.Debug|x86.ActiveCfg = Debug|Any CPU
		{B0F30A6C-242A-43E7-B005-3A51EEF6364C}.Debug|x86.Build.0 = Debug|Any CPU
		{B0F30A6C-242A-43E7-B005-3A51EEF6364C}.Release|Any CPU.ActiveCfg = Release|Any CPU
		{B0F30A6C-242A-43E7-B005-3A51EEF6364C}.Release|Any CPU.Build.0 = Release|Any CPU
		{B0F30A6C-242A-43E7-B005-3A51EEF6364C}.Release|x64.ActiveCfg = Release|Any CPU
		{B0F30A6C-242A-43E7-B005-3A51EEF6364C}.Release|x64.Build.0 = Release|Any CPU
		{B0F30A6C-242A-43E7-B005-3A51EEF6364C}.Release|x86.ActiveCfg = Release|Any CPU
		{B0F30A6C-242A-43E7-B005-3A51EEF6364C}.Release|x86.Build.0 = Release|Any CPU
	EndGlobalSection
	GlobalSection(SolutionProperties) = preSolution
		HideSolutionNode = FALSE
	EndGlobalSection
	GlobalSection(NestedProjects) = preSolution
		{A0AEA7AD-7364-48A1-B76F-34A914B14DE8} = {827E0CD3-B72D-47B6-A68D-7590B98EB39B}
		{4081253E-7AB1-44EA-875B-B5C00739883E} = {827E0CD3-B72D-47B6-A68D-7590B98EB39B}
		{30C4D00B-D695-440B-821F-F6B0DDAC9E0C} = {827E0CD3-B72D-47B6-A68D-7590B98EB39B}
		{D691F088-3A81-402D-A96E-E16266C54769} = {827E0CD3-B72D-47B6-A68D-7590B98EB39B}
		{EE874D83-5362-4648-BD41-1E070D940CDC} = {827E0CD3-B72D-47B6-A68D-7590B98EB39B}
		{B0F30A6C-242A-43E7-B005-3A51EEF6364C} = {0AB3BF05-4346-4AA6-1389-037BE0695223}
	EndGlobalSection
EndGlobal
